Microsoft Visual Studio Solution File, Format Version 12.00
# Visual Studio Version 17
VisualStudioVersion = 17.5.2.0
MinimumVisualStudioVersion = 10.0.40219.1
Project("{FAE04EC0-301F-11D3-BF4B-00C04F79EFBC}") = "WallE", "WallE.csproj", "{6B752696-858C-D73B-56D2-621ACAA6BE64}"
EndProject
Global
	GlobalSection(SolutionConfigurationPlatforms) = preSolution
		Debug|Any CPU = Debug|Any CPU
		Release|Any CPU = Release|Any CPU
	EndGlobalSection
	GlobalSection(ProjectConfigurationPlatforms) = postSolution
		{6B752696-858C-D73B-56D2-621ACAA6BE64}.Debug|Any CPU.ActiveCfg = Debug|Any CPU
		{6B752696-858C-D73B-56D2-621ACAA6BE64}.Debug|Any CPU.Build.0 = Debug|Any CPU
		{6B752696-858C-D73B-56D2-621ACAA6BE64}.Release|Any CPU.ActiveCfg = Release|Any CPU
		{6B752696-858C-D73B-56D2-621ACAA6BE64}.Release|Any CPU.Build.0 = Release|Any CPU
	EndGlobalSection
	GlobalSection(SolutionProperties) = preSolution
		HideSolutionNode = FALSE
	EndGlobalSection
	GlobalSection(ExtensibilityGlobals) = postSolution
		SolutionGuid = {A670920A-F787-4342-9F70-E700097E2FEB}
	EndGlobalSection
EndGlobal
